id: timeclock-detect
info:
  name: PHP Timeclock Detection
  author: melbadry9
  severity: info
  reference: https://tbutler.org/2021/05/13/php-timeclock-0-day-disclosure#1-automated-scanning

#Vulberable Host: http://www.wizardscupboard.com/timeclock/login.php
requests:
  - path:
    - "{{BaseURL}}/login.php"
    - "{{BaseURL}}/timeclock/login.php"
    - "{{BaseURL}}/timeclock.php"

    redirects: true
    max-redirects: 2
    matchers:
      - type: word
        words:
          - 'PHP Timeclock'
