id: conan-lock

info:
  name: Conan Lock Disclosure
  author: reewardius
  severity: info
  tags: dependency

http:
  - method: GET
    path:
      - "{{BaseURL}}/conan.lock"

    matchers-condition: or
    matchers:
      - type: word
        words:
          - "version"
          - "requires"
          - "build_requires"
        condition: and

      - type: word
        words:
          - "graph_lock"
          - "nodes"
          - "options"
          - "path"
          - "context"
        condition: and