id: empty-catch-block

info:
  name: Empty Catch Block
  author: YoruYagami
  severity: info
  description: Detects empty catch blocks that may hide exceptions, leading to unnoticed failures or security issues.
  remediation: Log exceptions or handle them appropriately rather than silently ignoring errors.
  reference:
    - https://cwe.mitre.org/data/definitions/703.html
  classification:
    cwe-id: CWE-703
  tags: csharp,file

file:
  - extensions:
      - all
    matchers:
      - type: regex
        regex: 'catch\s*\(\s*Exception\s*\)\s*{(\s*|\/\/\s*no\s*handling\s*)}'
