id: yarn-lock
info:
  name: yarn lock file disclosure
  author: oppsec
  severity: info
  description: yarn.lock is a file which store all exactly versions of each dependency were installed.
  tags: exposure
requests:
  - payloads:
      Subdomains: /home/mahmoud/Wordlist/AllSubdomains.txt
    attack: sniper
    threads: 100
    raw:
      - |
        GET /yarn.lock HTTP/1.1
        Host: {{Subdomains}}
        User-Agent: Mozilla/5.0 (Windows NT 10.0; rv:68.0) Gecko/20100101 Firefox/68.0
        Accept-Encoding: gzip, deflate
        Accept: */*
    matchers-condition: and
    matchers:
      - type: word
        words:
          - "# THIS IS AN AUTOGENERATED FILE. DO NOT EDIT THIS FILE DIRECTLY."
          - "# yarn lockfile v1"
        condition: and
      - type: word
        words:
          - "text/html"
        part: header
      - type: status
        status:
          - 200
