http:
- matchers:
  - condition: or
    part: body
    type: word
    words:
    - bun-lockfile-format-v0
    - '#!/usr/bin/env bun'
  - part: header
    type: word
    words:
    - application/octet-stream
  - status:
    - 200
    type: status
  matchers-condition: and
  method: GET
  path:
  - '{{BaseURL}}/bun.lockb'
id: bun-lock
info:
  author: noraj
  description: 'The bun.lockb file is similar to the package-lock.json file used by
    npm or the yarn.lock file used by Yarn. It serves as a lock file that ensures
    consistent and reproducible installations of dependencies across different environments.

    '
  metadata:
    fofa-query: body=="bun.lockb"
    max-request: 1
    verified: true
  name: Bun Lock File Disclosure
  reference:
  - https://bun.sh/docs/install/lockfile
  severity: info
  tags: exposure,files,node,npm,bun
