http:
- matchers:
  - part: body
    type: word
    words:
    - <title>Ulanzi Clock</title>
  - status:
    - 200
    type: status
  matchers-condition: and
  method: GET
  path:
  - '{{BaseURL}}'
id: ulanzi-clock
info:
  author: fabaff
  description: Ulanzi Clock panel was detected.
  metadata:
    max-request: 1
  name: Ulanzi Clock Detect
  severity: info
  tags: panel,ulanzi,iot
