http:
- matchers:
  - condition: and
    part: body
    type: word
    words:
    - 'lockfileVersion:'
    - 'specifiers:'
    - 'packages:'
  - status:
    - 200
    type: status
  matchers-condition: and
  method: GET
  path:
  - '{{BaseURL}}/pnpm-lock.yaml'
id: pnpm-lock
info:
  author: noraj
  description: 'The pnpm-lock.yaml file is similar to the package-lock.json file used
    by npm or the yarn.lock file used by Yarn. It serves as a lock file that ensures
    consistent and reproducible installations of dependencies across different environments.

    '
  metadata:
    max-request: 1
    shodan-query: html:"pnpm-lock.yaml"
    verified: true
  name: PNPM Lock Yaml File Disclosure
  reference:
  - https://pnpm.io/cli/install#tldr
  severity: info
  tags: exposure,files,node,npm,pnpm
